# Generated by pub
# See https://dart.dev/tools/pub/glossary#lockfile
packages:
  lint:
    dependency: "direct main"
    description:
      name: lint
      url: "https://pub.dartlang.org"
    source: hosted
    version: "1.8.2"
  platform:
    dependency: "direct main"
    description:
      name: platform
      url: "https://pub.dartlang.org"
    source: hosted
    version: "3.1.0"
sdks:
  dart: ">=2.16.0 <3.0.0"
  flutter: ">=2.10.4"
